
Microsoft Visual Studio Solution File, Format Version 12.00
# Visual Studio Version 17
VisualStudioVersion = 17.0.31903.59
MinimumVisualStudioVersion = 10.0.40219.1
Project("{FAE04EC0-301F-11D3-BF4B-00C04F79EFBC}") = "00-Stadium", "00-Stadium\00-Stadium.csproj", "{ED758335-E7E2-47FB-80B0-387DFD8F989B}"
EndProject
Project("{FAE04EC0-301F-11D3-BF4B-00C04F79EFBC}") = "00-Team", "00-Team\00-Team.csproj", "{9CE2A3E7-4847-47D5-BCAA-0A00671385B4}"
EndProject
Project("{FAE04EC0-301F-11D3-BF4B-00C04F79EFBC}") = "02-TeamList", "02-TeamList\02-TeamList.csproj", "{13A89E9E-2C23-482B-B5BC-085AB9DBEC18}"
EndProject
Project("{FAE04EC0-301F-11D3-BF4B-00C04F79EFBC}") = "04-TeamString", "04-TeamString\04-TeamString.csproj", "{D741DC32-4432-4F15-AAD4-DA6C6B85C66A}"
EndProject
Project("{FAE04EC0-301F-11D3-BF4B-00C04F79EFBC}") = "03-TeamDictionary", "03-TeamDictionary\03-TeamDictionary.csproj", "{61482C33-C6AE-44DB-B441-AA12CE4BB674}"
EndProject
Project("{FAE04EC0-301F-11D3-BF4B-00C04F79EFBC}") = "TestLibrary", "TestLibrary\TestLibrary.csproj", "{ED2D56A8-B0A4-4A4B-BFFF-A09606965DB8}"
EndProject
Global
	GlobalSection(SolutionConfigurationPlatforms) = preSolution
		Debug|Any CPU = Debug|Any CPU
		Release|Any CPU = Release|Any CPU
	EndGlobalSection
	GlobalSection(SolutionProperties) = preSolution
		HideSolutionNode = FALSE
	EndGlobalSection
	GlobalSection(ProjectConfigurationPlatforms) = postSolution
		{ED758335-E7E2-47FB-80B0-387DFD8F989B}.Debug|Any CPU.ActiveCfg = Debug|Any CPU
		{ED758335-E7E2-47FB-80B0-387DFD8F989B}.Debug|Any CPU.Build.0 = Debug|Any CPU
		{ED758335-E7E2-47FB-80B0-387DFD8F989B}.Release|Any CPU.ActiveCfg = Release|Any CPU
		{ED758335-E7E2-47FB-80B0-387DFD8F989B}.Release|Any CPU.Build.0 = Release|Any CPU
		{13A89E9E-2C23-482B-B5BC-085AB9DBEC18}.Debug|Any CPU.ActiveCfg = Debug|Any CPU
		{13A89E9E-2C23-482B-B5BC-085AB9DBEC18}.Debug|Any CPU.Build.0 = Debug|Any CPU
		{13A89E9E-2C23-482B-B5BC-085AB9DBEC18}.Release|Any CPU.ActiveCfg = Release|Any CPU
		{13A89E9E-2C23-482B-B5BC-085AB9DBEC18}.Release|Any CPU.Build.0 = Release|Any CPU
		{069E4FFF-E5DD-4B31-842A-BD2A2A23A49F}.Debug|Any CPU.ActiveCfg = Debug|Any CPU
		{069E4FFF-E5DD-4B31-842A-BD2A2A23A49F}.Debug|Any CPU.Build.0 = Debug|Any CPU
		{069E4FFF-E5DD-4B31-842A-BD2A2A23A49F}.Release|Any CPU.ActiveCfg = Release|Any CPU
		{069E4FFF-E5DD-4B31-842A-BD2A2A23A49F}.Release|Any CPU.Build.0 = Release|Any CPU
		{6E81AFD7-074D-4DB9-B227-7BC99BE6CFAE}.Debug|Any CPU.ActiveCfg = Debug|Any CPU
		{6E81AFD7-074D-4DB9-B227-7BC99BE6CFAE}.Debug|Any CPU.Build.0 = Debug|Any CPU
		{6E81AFD7-074D-4DB9-B227-7BC99BE6CFAE}.Release|Any CPU.ActiveCfg = Release|Any CPU
		{6E81AFD7-074D-4DB9-B227-7BC99BE6CFAE}.Release|Any CPU.Build.0 = Release|Any CPU
		{9CE2A3E7-4847-47D5-BCAA-0A00671385B4}.Debug|Any CPU.ActiveCfg = Debug|Any CPU
		{9CE2A3E7-4847-47D5-BCAA-0A00671385B4}.Debug|Any CPU.Build.0 = Debug|Any CPU
		{9CE2A3E7-4847-47D5-BCAA-0A00671385B4}.Release|Any CPU.ActiveCfg = Release|Any CPU
		{9CE2A3E7-4847-47D5-BCAA-0A00671385B4}.Release|Any CPU.Build.0 = Release|Any CPU
		{D741DC32-4432-4F15-AAD4-DA6C6B85C66A}.Debug|Any CPU.ActiveCfg = Debug|Any CPU
		{D741DC32-4432-4F15-AAD4-DA6C6B85C66A}.Debug|Any CPU.Build.0 = Debug|Any CPU
		{D741DC32-4432-4F15-AAD4-DA6C6B85C66A}.Release|Any CPU.ActiveCfg = Release|Any CPU
		{D741DC32-4432-4F15-AAD4-DA6C6B85C66A}.Release|Any CPU.Build.0 = Release|Any CPU
		{61482C33-C6AE-44DB-B441-AA12CE4BB674}.Debug|Any CPU.ActiveCfg = Debug|Any CPU
		{61482C33-C6AE-44DB-B441-AA12CE4BB674}.Debug|Any CPU.Build.0 = Debug|Any CPU
		{61482C33-C6AE-44DB-B441-AA12CE4BB674}.Release|Any CPU.ActiveCfg = Release|Any CPU
		{61482C33-C6AE-44DB-B441-AA12CE4BB674}.Release|Any CPU.Build.0 = Release|Any CPU
		{ED2D56A8-B0A4-4A4B-BFFF-A09606965DB8}.Debug|Any CPU.ActiveCfg = Debug|Any CPU
		{ED2D56A8-B0A4-4A4B-BFFF-A09606965DB8}.Debug|Any CPU.Build.0 = Debug|Any CPU
		{ED2D56A8-B0A4-4A4B-BFFF-A09606965DB8}.Release|Any CPU.ActiveCfg = Release|Any CPU
		{ED2D56A8-B0A4-4A4B-BFFF-A09606965DB8}.Release|Any CPU.Build.0 = Release|Any CPU
	EndGlobalSection
EndGlobal
